PODS:
  - KeychainAccess (4.2.2)
  - MBProgressHUD (1.2.0)
  - shared (1.0)
  - SQLCipher (4.5.4):
    - SQLCipher/standard (= 4.5.4)
  - SQLCipher/common (4.5.4)
  - SQLCipher/standard (4.5.4):
    - SQLCipher/common

DEPENDENCIES:
  - KeychainAccess
  - MBProgressHUD (~> 1.2.0)
  - shared (from `../shared`)
  - SQLCipher

SPEC REPOS:
  trunk:
    - KeychainAccess
    - MBProgressHUD
    - SQLCipher

EXTERNAL SOURCES:
  shared:
    :path: "../shared"

SPEC CHECKSUMS:
  KeychainAccess: c0c4f7f38f6fc7bbe58f5702e25f7bd2f65abf51
  MBProgressHUD: 3ee5efcc380f6a79a7cc9b363dd669c5e1ae7406
  shared: 2d3b24a8fe27b7d9e65b8d075a9672fbc6a1aa10
  SQLCipher: 905b145f65f349f26da9e60a19901ad24adcd381

PODFILE CHECKSUM: 38c5bb14fdb389cf7fec88f60dd1bc0391c4ee25

COCOAPODS: 1.12.0
